
Microsoft Visual Studio Solution File, Format Version 12.00
# Visual Studio 2012
Project("{2150E333-8FDC-42A3-9474-1A3956D46DE8}") = ".nuget", ".nuget", "{2020D9D9-9514-4368-B15F-F66B303570BF}"
	ProjectSection(SolutionItems) = preProject
		.nuget\NuGet.Config = .nuget\NuGet.Config
		.nuget\NuGet.exe = .nuget\NuGet.exe
		.nuget\NuGet.targets = .nuget\NuGet.targets
	EndProjectSection
EndProject
Project("{2150E333-8FDC-42A3-9474-1A3956D46DE8}") = "UnitTests", "UnitTests", "{2CE1E4B9-DF01-4299-B8DF-E910A9F9F674}"
EndProject
Project("{2150E333-8FDC-42A3-9474-1A3956D46DE8}") = "Core", "Core", "{442F9826-66C2-41FA-B0D5-2B638E9DA122}"
EndProject
Project("{FAE04EC0-301F-11D3-BF4B-00C04F79EFBC}") = "Zen", "Zen\Zen.csproj", "{82D8EA0D-A5B1-43DF-A9B2-CF69EE166922}"
EndProject
Project("{2150E333-8FDC-42A3-9474-1A3956D46DE8}") = "DataStore", "DataStore", "{4D36FFCF-983E-4A03-A168-1FA1A57C239E}"
EndProject
Project("{FAE04EC0-301F-11D3-BF4B-00C04F79EFBC}") = "Zen.DataStore", "Zen.DataStore\Zen.DataStore.csproj", "{E33D2198-2695-45B3-A353-F54C1E510F8A}"
EndProject
Project("{2150E333-8FDC-42A3-9474-1A3956D46DE8}") = "Raven", "Raven", "{756F3474-2813-48E7-9B80-F620AA2298AA}"
EndProject
Project("{FAE04EC0-301F-11D3-BF4B-00C04F79EFBC}") = "Zen.DataStore.Raven", "Zen.DataStore.Raven\Zen.DataStore.Raven.csproj", "{A2304828-9054-40C8-99E2-CC45495F4CED}"
EndProject
Project("{FAE04EC0-301F-11D3-BF4B-00C04F79EFBC}") = "Zen.DataStore.Raven.Embeeded", "Zen.DataStore.Raven.Embeeded\Zen.DataStore.Raven.Embeeded.csproj", "{FA5F8C91-6D17-4C5F-9F3A-4BD16C0AE51C}"
EndProject
Project("{2150E333-8FDC-42A3-9474-1A3956D46DE8}") = "EntityFramework", "EntityFramework", "{763EB0DB-9BF0-4389-A390-16C91211BD0C}"
EndProject
Project("{FAE04EC0-301F-11D3-BF4B-00C04F79EFBC}") = "Zen.DataStore.EntityFramework", "Zen.DataStore.EntityFramework\Zen.DataStore.EntityFramework.csproj", "{E9C8AC4E-9A97-4F44-9323-26B1DF31ABCB}"
EndProject
Project("{2150E333-8FDC-42A3-9474-1A3956D46DE8}") = "Hosting", "Hosting", "{21A3126E-B7CC-4895-9A95-3A033B43A8EA}"
EndProject
Project("{FAE04EC0-301F-11D3-BF4B-00C04F79EFBC}") = "Zen.Host.Launcher", "Zen.Host.Launcher\Zen.Host.Launcher.csproj", "{BC51F1F7-7002-49DB-AAC6-2DD3390FE874}"
EndProject
Project("{FAE04EC0-301F-11D3-BF4B-00C04F79EFBC}") = "Zen.Host", "Zen.Host\Zen.Host.csproj", "{F91EEADE-9EBD-4CF3-8154-A09A10E3B556}"
EndProject
Project("{FAE04EC0-301F-11D3-BF4B-00C04F79EFBC}") = "Zen.Host.WebServices", "Zen.Host.WebServices\Zen.Host.WebServices.csproj", "{542E7C87-AC53-435E-8AF7-0862E03D679D}"
EndProject
Project("{2150E333-8FDC-42A3-9474-1A3956D46DE8}") = "Mongo", "Mongo", "{70B4F626-9873-46E9-89AA-A41CAAE84406}"
EndProject
Project("{FAE04EC0-301F-11D3-BF4B-00C04F79EFBC}") = "Zen.DataStore.Mongo", "Zen.DataStore.Mongo\Zen.DataStore.Mongo.csproj", "{583A37AC-3E3B-42F7-8E61-CDCE2FD79B09}"
EndProject
Project("{FAE04EC0-301F-11D3-BF4B-00C04F79EFBC}") = "Zen.DataStore.NHibernate", "Zen.DataStore.NHibernate\Zen.DataStore.NHibernate.csproj", "{20C6AF5E-C05D-4412-945C-BD9292DE068F}"
EndProject
Project("{2150E333-8FDC-42A3-9474-1A3956D46DE8}") = "NHibernate", "NHibernate", "{5849FA12-8DEC-4A77-96B3-D7ACD789444E}"
EndProject
Project("{FAE04EC0-301F-11D3-BF4B-00C04F79EFBC}") = "Zen.DataStore.NHibernate.SQLLite", "Zen.DataStore.NHibernate.SQLLite\Zen.DataStore.NHibernate.SQLLite.csproj", "{54F53486-7C25-4ECC-99D0-9841DD43940D}"
EndProject
Project("{FAE04EC0-301F-11D3-BF4B-00C04F79EFBC}") = "Zen.NugetPacker", "Zen.NugetPacker\Zen.NugetPacker.csproj", "{5815C516-BC16-4154-900C-FA597BEB101D}"
EndProject
Project("{FAE04EC0-301F-11D3-BF4B-00C04F79EFBC}") = "Zen.Core.MVC4", "Zen.Core.MVC4\Zen.Core.MVC4.csproj", "{519F1707-389F-42BB-BB04-09C904B4F323}"
EndProject
Project("{2150E333-8FDC-42A3-9474-1A3956D46DE8}") = "Specs", "Specs", "{2BE6621A-DABC-469C-837E-93B60F3D6C54}"
EndProject
Global
	GlobalSection(SolutionConfigurationPlatforms) = preSolution
		Debug|Any CPU = Debug|Any CPU
		Debug|Mixed Platforms = Debug|Mixed Platforms
		Debug|x86 = Debug|x86
		Release|Any CPU = Release|Any CPU
		Release|Mixed Platforms = Release|Mixed Platforms
		Release|x86 = Release|x86
	EndGlobalSection
	GlobalSection(ProjectConfigurationPlatforms) = postSolution
		{82D8EA0D-A5B1-43DF-A9B2-CF69EE166922}.Debug|Any CPU.ActiveCfg = Debug|Any CPU
		{82D8EA0D-A5B1-43DF-A9B2-CF69EE166922}.Debug|Any CPU.Build.0 = Debug|Any CPU
		{82D8EA0D-A5B1-43DF-A9B2-CF69EE166922}.Debug|Mixed Platforms.ActiveCfg = Debug|Any CPU
		{82D8EA0D-A5B1-43DF-A9B2-CF69EE166922}.Debug|Mixed Platforms.Build.0 = Debug|Any CPU
		{82D8EA0D-A5B1-43DF-A9B2-CF69EE166922}.Debug|x86.ActiveCfg = Debug|Any CPU
		{82D8EA0D-A5B1-43DF-A9B2-CF69EE166922}.Release|Any CPU.ActiveCfg = Release|Any CPU
		{82D8EA0D-A5B1-43DF-A9B2-CF69EE166922}.Release|Any CPU.Build.0 = Release|Any CPU
		{82D8EA0D-A5B1-43DF-A9B2-CF69EE166922}.Release|Mixed Platforms.ActiveCfg = Release|Any CPU
		{82D8EA0D-A5B1-43DF-A9B2-CF69EE166922}.Release|Mixed Platforms.Build.0 = Release|Any CPU
		{82D8EA0D-A5B1-43DF-A9B2-CF69EE166922}.Release|x86.ActiveCfg = Release|Any CPU
		{E33D2198-2695-45B3-A353-F54C1E510F8A}.Debug|Any CPU.ActiveCfg = Debug|Any CPU
		{E33D2198-2695-45B3-A353-F54C1E510F8A}.Debug|Any CPU.Build.0 = Debug|Any CPU
		{E33D2198-2695-45B3-A353-F54C1E510F8A}.Debug|Mixed Platforms.ActiveCfg = Debug|Any CPU
		{E33D2198-2695-45B3-A353-F54C1E510F8A}.Debug|Mixed Platforms.Build.0 = Debug|Any CPU
		{E33D2198-2695-45B3-A353-F54C1E510F8A}.Debug|x86.ActiveCfg = Debug|Any CPU
		{E33D2198-2695-45B3-A353-F54C1E510F8A}.Release|Any CPU.ActiveCfg = Release|Any CPU
		{E33D2198-2695-45B3-A353-F54C1E510F8A}.Release|Any CPU.Build.0 = Release|Any CPU
		{E33D2198-2695-45B3-A353-F54C1E510F8A}.Release|Mixed Platforms.ActiveCfg = Release|Any CPU
		{E33D2198-2695-45B3-A353-F54C1E510F8A}.Release|Mixed Platforms.Build.0 = Release|Any CPU
		{E33D2198-2695-45B3-A353-F54C1E510F8A}.Release|x86.ActiveCfg = Release|Any CPU
		{A2304828-9054-40C8-99E2-CC45495F4CED}.Debug|Any CPU.ActiveCfg = Debug|Any CPU
		{A2304828-9054-40C8-99E2-CC45495F4CED}.Debug|Any CPU.Build.0 = Debug|Any CPU
		{A2304828-9054-40C8-99E2-CC45495F4CED}.Debug|Mixed Platforms.ActiveCfg = Debug|Any CPU
		{A2304828-9054-40C8-99E2-CC45495F4CED}.Debug|Mixed Platforms.Build.0 = Debug|Any CPU
		{A2304828-9054-40C8-99E2-CC45495F4CED}.Debug|x86.ActiveCfg = Debug|Any CPU
		{A2304828-9054-40C8-99E2-CC45495F4CED}.Release|Any CPU.ActiveCfg = Release|Any CPU
		{A2304828-9054-40C8-99E2-CC45495F4CED}.Release|Any CPU.Build.0 = Release|Any CPU
		{A2304828-9054-40C8-99E2-CC45495F4CED}.Release|Mixed Platforms.ActiveCfg = Release|Any CPU
		{A2304828-9054-40C8-99E2-CC45495F4CED}.Release|Mixed Platforms.Build.0 = Release|Any CPU
		{A2304828-9054-40C8-99E2-CC45495F4CED}.Release|x86.ActiveCfg = Release|Any CPU
		{FA5F8C91-6D17-4C5F-9F3A-4BD16C0AE51C}.Debug|Any CPU.ActiveCfg = Debug|Any CPU
		{FA5F8C91-6D17-4C5F-9F3A-4BD16C0AE51C}.Debug|Any CPU.Build.0 = Debug|Any CPU
		{FA5F8C91-6D17-4C5F-9F3A-4BD16C0AE51C}.Debug|Mixed Platforms.ActiveCfg = Debug|Any CPU
		{FA5F8C91-6D17-4C5F-9F3A-4BD16C0AE51C}.Debug|Mixed Platforms.Build.0 = Debug|Any CPU
		{FA5F8C91-6D17-4C5F-9F3A-4BD16C0AE51C}.Debug|x86.ActiveCfg = Debug|Any CPU
		{FA5F8C91-6D17-4C5F-9F3A-4BD16C0AE51C}.Release|Any CPU.ActiveCfg = Release|Any CPU
		{FA5F8C91-6D17-4C5F-9F3A-4BD16C0AE51C}.Release|Any CPU.Build.0 = Release|Any CPU
		{FA5F8C91-6D17-4C5F-9F3A-4BD16C0AE51C}.Release|Mixed Platforms.ActiveCfg = Release|Any CPU
		{FA5F8C91-6D17-4C5F-9F3A-4BD16C0AE51C}.Release|Mixed Platforms.Build.0 = Release|Any CPU
		{FA5F8C91-6D17-4C5F-9F3A-4BD16C0AE51C}.Release|x86.ActiveCfg = Release|Any CPU
		{E9C8AC4E-9A97-4F44-9323-26B1DF31ABCB}.Debug|Any CPU.ActiveCfg = Debug|x86
		{E9C8AC4E-9A97-4F44-9323-26B1DF31ABCB}.Debug|Any CPU.Build.0 = Debug|x86
		{E9C8AC4E-9A97-4F44-9323-26B1DF31ABCB}.Debug|Mixed Platforms.ActiveCfg = Debug|x86
		{E9C8AC4E-9A97-4F44-9323-26B1DF31ABCB}.Debug|Mixed Platforms.Build.0 = Debug|x86
		{E9C8AC4E-9A97-4F44-9323-26B1DF31ABCB}.Debug|x86.ActiveCfg = Debug|x86
		{E9C8AC4E-9A97-4F44-9323-26B1DF31ABCB}.Debug|x86.Build.0 = Debug|x86
		{E9C8AC4E-9A97-4F44-9323-26B1DF31ABCB}.Release|Any CPU.ActiveCfg = Release|x86
		{E9C8AC4E-9A97-4F44-9323-26B1DF31ABCB}.Release|Any CPU.Build.0 = Release|x86
		{E9C8AC4E-9A97-4F44-9323-26B1DF31ABCB}.Release|Mixed Platforms.ActiveCfg = Release|x86
		{E9C8AC4E-9A97-4F44-9323-26B1DF31ABCB}.Release|Mixed Platforms.Build.0 = Release|x86
		{E9C8AC4E-9A97-4F44-9323-26B1DF31ABCB}.Release|x86.ActiveCfg = Release|x86
		{E9C8AC4E-9A97-4F44-9323-26B1DF31ABCB}.Release|x86.Build.0 = Release|x86
		{BC51F1F7-7002-49DB-AAC6-2DD3390FE874}.Debug|Any CPU.ActiveCfg = Debug|Any CPU
		{BC51F1F7-7002-49DB-AAC6-2DD3390FE874}.Debug|Any CPU.Build.0 = Debug|Any CPU
		{BC51F1F7-7002-49DB-AAC6-2DD3390FE874}.Debug|Mixed Platforms.ActiveCfg = Debug|Any CPU
		{BC51F1F7-7002-49DB-AAC6-2DD3390FE874}.Debug|Mixed Platforms.Build.0 = Debug|Any CPU
		{BC51F1F7-7002-49DB-AAC6-2DD3390FE874}.Debug|x86.ActiveCfg = Debug|Any CPU
		{BC51F1F7-7002-49DB-AAC6-2DD3390FE874}.Release|Any CPU.ActiveCfg = Release|Any CPU
		{BC51F1F7-7002-49DB-AAC6-2DD3390FE874}.Release|Any CPU.Build.0 = Release|Any CPU
		{BC51F1F7-7002-49DB-AAC6-2DD3390FE874}.Release|Mixed Platforms.ActiveCfg = Release|Any CPU
		{BC51F1F7-7002-49DB-AAC6-2DD3390FE874}.Release|Mixed Platforms.Build.0 = Release|Any CPU
		{BC51F1F7-7002-49DB-AAC6-2DD3390FE874}.Release|x86.ActiveCfg = Release|Any CPU
		{F91EEADE-9EBD-4CF3-8154-A09A10E3B556}.Debug|Any CPU.ActiveCfg = Debug|Any CPU
		{F91EEADE-9EBD-4CF3-8154-A09A10E3B556}.Debug|Any CPU.Build.0 = Debug|Any CPU
		{F91EEADE-9EBD-4CF3-8154-A09A10E3B556}.Debug|Mixed Platforms.ActiveCfg = Debug|Any CPU
		{F91EEADE-9EBD-4CF3-8154-A09A10E3B556}.Debug|Mixed Platforms.Build.0 = Debug|Any CPU
		{F91EEADE-9EBD-4CF3-8154-A09A10E3B556}.Debug|x86.ActiveCfg = Debug|Any CPU
		{F91EEADE-9EBD-4CF3-8154-A09A10E3B556}.Release|Any CPU.ActiveCfg = Release|Any CPU
		{F91EEADE-9EBD-4CF3-8154-A09A10E3B556}.Release|Any CPU.Build.0 = Release|Any CPU
		{F91EEADE-9EBD-4CF3-8154-A09A10E3B556}.Release|Mixed Platforms.ActiveCfg = Release|Any CPU
		{F91EEADE-9EBD-4CF3-8154-A09A10E3B556}.Release|Mixed Platforms.Build.0 = Release|Any CPU
		{F91EEADE-9EBD-4CF3-8154-A09A10E3B556}.Release|x86.ActiveCfg = Release|Any CPU
		{542E7C87-AC53-435E-8AF7-0862E03D679D}.Debug|Any CPU.ActiveCfg = Debug|Any CPU
		{542E7C87-AC53-435E-8AF7-0862E03D679D}.Debug|Any CPU.Build.0 = Debug|Any CPU
		{542E7C87-AC53-435E-8AF7-0862E03D679D}.Debug|Mixed Platforms.ActiveCfg = Debug|Any CPU
		{542E7C87-AC53-435E-8AF7-0862E03D679D}.Debug|Mixed Platforms.Build.0 = Debug|Any CPU
		{542E7C87-AC53-435E-8AF7-0862E03D679D}.Debug|x86.ActiveCfg = Debug|Any CPU
		{542E7C87-AC53-435E-8AF7-0862E03D679D}.Release|Any CPU.ActiveCfg = Release|Any CPU
		{542E7C87-AC53-435E-8AF7-0862E03D679D}.Release|Any CPU.Build.0 = Release|Any CPU
		{542E7C87-AC53-435E-8AF7-0862E03D679D}.Release|Mixed Platforms.ActiveCfg = Release|Any CPU
		{542E7C87-AC53-435E-8AF7-0862E03D679D}.Release|Mixed Platforms.Build.0 = Release|Any CPU
		{542E7C87-AC53-435E-8AF7-0862E03D679D}.Release|x86.ActiveCfg = Release|Any CPU
		{583A37AC-3E3B-42F7-8E61-CDCE2FD79B09}.Debug|Any CPU.ActiveCfg = Debug|Any CPU
		{583A37AC-3E3B-42F7-8E61-CDCE2FD79B09}.Debug|Any CPU.Build.0 = Debug|Any CPU
		{583A37AC-3E3B-42F7-8E61-CDCE2FD79B09}.Debug|Mixed Platforms.ActiveCfg = Debug|Any CPU
		{583A37AC-3E3B-42F7-8E61-CDCE2FD79B09}.Debug|x86.ActiveCfg = Debug|Any CPU
		{583A37AC-3E3B-42F7-8E61-CDCE2FD79B09}.Release|Any CPU.ActiveCfg = Release|Any CPU
		{583A37AC-3E3B-42F7-8E61-CDCE2FD79B09}.Release|Any CPU.Build.0 = Release|Any CPU
		{583A37AC-3E3B-42F7-8E61-CDCE2FD79B09}.Release|Mixed Platforms.ActiveCfg = Release|Any CPU
		{583A37AC-3E3B-42F7-8E61-CDCE2FD79B09}.Release|x86.ActiveCfg = Release|Any CPU
		{20C6AF5E-C05D-4412-945C-BD9292DE068F}.Debug|Any CPU.ActiveCfg = Debug|Any CPU
		{20C6AF5E-C05D-4412-945C-BD9292DE068F}.Debug|Any CPU.Build.0 = Debug|Any CPU
		{20C6AF5E-C05D-4412-945C-BD9292DE068F}.Debug|Mixed Platforms.ActiveCfg = Debug|Any CPU
		{20C6AF5E-C05D-4412-945C-BD9292DE068F}.Debug|Mixed Platforms.Build.0 = Debug|Any CPU
		{20C6AF5E-C05D-4412-945C-BD9292DE068F}.Debug|x86.ActiveCfg = Debug|Any CPU
		{20C6AF5E-C05D-4412-945C-BD9292DE068F}.Release|Any CPU.ActiveCfg = Release|Any CPU
		{20C6AF5E-C05D-4412-945C-BD9292DE068F}.Release|Any CPU.Build.0 = Release|Any CPU
		{20C6AF5E-C05D-4412-945C-BD9292DE068F}.Release|Mixed Platforms.ActiveCfg = Release|Any CPU
		{20C6AF5E-C05D-4412-945C-BD9292DE068F}.Release|Mixed Platforms.Build.0 = Release|Any CPU
		{20C6AF5E-C05D-4412-945C-BD9292DE068F}.Release|x86.ActiveCfg = Release|Any CPU
		{54F53486-7C25-4ECC-99D0-9841DD43940D}.Debug|Any CPU.ActiveCfg = Debug|Any CPU
		{54F53486-7C25-4ECC-99D0-9841DD43940D}.Debug|Any CPU.Build.0 = Debug|Any CPU
		{54F53486-7C25-4ECC-99D0-9841DD43940D}.Debug|Mixed Platforms.ActiveCfg = Debug|Any CPU
		{54F53486-7C25-4ECC-99D0-9841DD43940D}.Debug|x86.ActiveCfg = Debug|Any CPU
		{54F53486-7C25-4ECC-99D0-9841DD43940D}.Release|Any CPU.ActiveCfg = Release|Any CPU
		{54F53486-7C25-4ECC-99D0-9841DD43940D}.Release|Any CPU.Build.0 = Release|Any CPU
		{54F53486-7C25-4ECC-99D0-9841DD43940D}.Release|Mixed Platforms.ActiveCfg = Release|Any CPU
		{54F53486-7C25-4ECC-99D0-9841DD43940D}.Release|x86.ActiveCfg = Release|Any CPU
		{5815C516-BC16-4154-900C-FA597BEB101D}.Debug|Any CPU.ActiveCfg = Debug|Any CPU
		{5815C516-BC16-4154-900C-FA597BEB101D}.Debug|Any CPU.Build.0 = Debug|Any CPU
		{5815C516-BC16-4154-900C-FA597BEB101D}.Debug|Mixed Platforms.ActiveCfg = Debug|Any CPU
		{5815C516-BC16-4154-900C-FA597BEB101D}.Debug|Mixed Platforms.Build.0 = Debug|Any CPU
		{5815C516-BC16-4154-900C-FA597BEB101D}.Debug|x86.ActiveCfg = Debug|Any CPU
		{5815C516-BC16-4154-900C-FA597BEB101D}.Release|Any CPU.ActiveCfg = Release|Any CPU
		{5815C516-BC16-4154-900C-FA597BEB101D}.Release|Any CPU.Build.0 = Release|Any CPU
		{5815C516-BC16-4154-900C-FA597BEB101D}.Release|Mixed Platforms.ActiveCfg = Release|Any CPU
		{5815C516-BC16-4154-900C-FA597BEB101D}.Release|Mixed Platforms.Build.0 = Release|Any CPU
		{5815C516-BC16-4154-900C-FA597BEB101D}.Release|x86.ActiveCfg = Release|Any CPU
		{519F1707-389F-42BB-BB04-09C904B4F323}.Debug|Any CPU.ActiveCfg = Debug|Any CPU
		{519F1707-389F-42BB-BB04-09C904B4F323}.Debug|Any CPU.Build.0 = Debug|Any CPU
		{519F1707-389F-42BB-BB04-09C904B4F323}.Debug|Mixed Platforms.ActiveCfg = Debug|Any CPU
		{519F1707-389F-42BB-BB04-09C904B4F323}.Debug|Mixed Platforms.Build.0 = Debug|Any CPU
		{519F1707-389F-42BB-BB04-09C904B4F323}.Debug|x86.ActiveCfg = Debug|Any CPU
		{519F1707-389F-42BB-BB04-09C904B4F323}.Release|Any CPU.ActiveCfg = Release|Any CPU
		{519F1707-389F-42BB-BB04-09C904B4F323}.Release|Any CPU.Build.0 = Release|Any CPU
		{519F1707-389F-42BB-BB04-09C904B4F323}.Release|Mixed Platforms.ActiveCfg = Release|Any CPU
		{519F1707-389F-42BB-BB04-09C904B4F323}.Release|Mixed Platforms.Build.0 = Release|Any CPU
		{519F1707-389F-42BB-BB04-09C904B4F323}.Release|x86.ActiveCfg = Release|Any CPU
	EndGlobalSection
	GlobalSection(SolutionProperties) = preSolution
		HideSolutionNode = FALSE
	EndGlobalSection
	GlobalSection(NestedProjects) = preSolution
		{2BE6621A-DABC-469C-837E-93B60F3D6C54} = {2020D9D9-9514-4368-B15F-F66B303570BF}
		{82D8EA0D-A5B1-43DF-A9B2-CF69EE166922} = {442F9826-66C2-41FA-B0D5-2B638E9DA122}
		{E33D2198-2695-45B3-A353-F54C1E510F8A} = {4D36FFCF-983E-4A03-A168-1FA1A57C239E}
		{756F3474-2813-48E7-9B80-F620AA2298AA} = {4D36FFCF-983E-4A03-A168-1FA1A57C239E}
		{763EB0DB-9BF0-4389-A390-16C91211BD0C} = {4D36FFCF-983E-4A03-A168-1FA1A57C239E}
		{70B4F626-9873-46E9-89AA-A41CAAE84406} = {4D36FFCF-983E-4A03-A168-1FA1A57C239E}
		{5849FA12-8DEC-4A77-96B3-D7ACD789444E} = {4D36FFCF-983E-4A03-A168-1FA1A57C239E}
		{A2304828-9054-40C8-99E2-CC45495F4CED} = {756F3474-2813-48E7-9B80-F620AA2298AA}
		{FA5F8C91-6D17-4C5F-9F3A-4BD16C0AE51C} = {756F3474-2813-48E7-9B80-F620AA2298AA}
		{E9C8AC4E-9A97-4F44-9323-26B1DF31ABCB} = {763EB0DB-9BF0-4389-A390-16C91211BD0C}
		{BC51F1F7-7002-49DB-AAC6-2DD3390FE874} = {21A3126E-B7CC-4895-9A95-3A033B43A8EA}
		{F91EEADE-9EBD-4CF3-8154-A09A10E3B556} = {21A3126E-B7CC-4895-9A95-3A033B43A8EA}
		{542E7C87-AC53-435E-8AF7-0862E03D679D} = {21A3126E-B7CC-4895-9A95-3A033B43A8EA}
		{519F1707-389F-42BB-BB04-09C904B4F323} = {21A3126E-B7CC-4895-9A95-3A033B43A8EA}
		{583A37AC-3E3B-42F7-8E61-CDCE2FD79B09} = {70B4F626-9873-46E9-89AA-A41CAAE84406}
		{20C6AF5E-C05D-4412-945C-BD9292DE068F} = {5849FA12-8DEC-4A77-96B3-D7ACD789444E}
		{54F53486-7C25-4ECC-99D0-9841DD43940D} = {5849FA12-8DEC-4A77-96B3-D7ACD789444E}
	EndGlobalSection
EndGlobal
